// !$*UTF8*$!
{
	archiveVersion = 1;
	classes = {
	};
	objectVersion = 46;
	objects = {

/* Begin PBXBuildFile section */
		1F4961F8159DE54600DA145F /* UIKit.framework in Frameworks */ = {isa = PBXBuildFile; fileRef = 1F4961F7159DE54600DA145F /* UIKit.framework */; };
		1F4961FA159DE54600DA145F /* Foundation.framework in Frameworks */ = {isa = PBXBuildFile; fileRef = 1F4961F9159DE54600DA145F /* Foundation.framework */; };
		1F4961FC159DE54600DA145F /* CoreGraphics.framework in Frameworks */ = {isa = PBXBuildFile; fileRef = 1F4961FB159DE54600DA145F /* CoreGraphics.framework */; };
		1F496202159DE54700DA145F /* InfoPlist.strings in Resources */ = {isa = PBXBuildFile; fileRef = 1F496200159DE54700DA145F /* InfoPlist.strings */; };
		1F496204159DE54700DA145F /* main.m in Sources */ = {isa = PBXBuildFile; fileRef = 1F496203159DE54700DA145F /* main.m */; };
		1F496208159DE54700DA145F /* CalculatorAppDelegate.m in Sources */ = {isa = PBXBuildFile; fileRef = 1F496207159DE54700DA145F /* CalculatorAppDelegate.m */; };
		1F49620B159DE54700DA145F /* MainStoryboard.storyboard in Resources */ = {isa = PBXBuildFile; fileRef = 1F496209159DE54700DA145F /* MainStoryboard.storyboard */; };
		1F49620E159DE54700DA145F /* CalculatorViewController.m in Sources */ = {isa = PBXBuildFile; fileRef = 1F49620D159DE54700DA145F /* CalculatorViewController.m */; };
/* End PBXBuildFile section */

/* Begin PBXFileReference section */
		1F4961F3159DE54600DA145F /* Calculator.app */ = {isa = PBXFileReference; explicitFileType = wrapper.application; includeInIndex = 0; path = Calculator.app; sourceTree = BUILT_PRODUCTS_DIR; };
		1F4961F7159DE54600DA145F /* UIKit.framework */ = {isa = PBXFileReference; lastKnownFileType = wrapper.framework; name = UIKit.framework; path = System/Library/Frameworks/UIKit.framework; sourceTree = SDKROOT; };
		1F4961F9159DE54600DA145F /* Foundation.framework */ = {isa = PBXFileReference; lastKnownFileType = wrapper.framework; name = Foundation.framework; path = System/Library/Frameworks/Foundation.framework; sourceTree = SDKROOT; };
		1F4961FB159DE54600DA145F /* CoreGraphics.framework */ = {isa = PBXFileReference; lastKnownFileType = wrapper.framework; name = CoreGraphics.framework; path = System/Library/Frameworks/CoreGraphics.framework; sourceTree = SDKROOT; };
		1F4961FF159DE54700DA145F /* Calculator-Info.plist */ = {isa = PBXFileReference; lastKnownFileType = text.plist.xml; path = "Calculator-Info.plist"; sourceTree = "<group>"; };
		1F496201159DE54700DA145F /* en */ = {isa = PBXFileReference; lastKnownFileType = text.plist.strings; name = en; path = en.lproj/InfoPlist.strings; sourceTree = "<group>"; };
		1F496203159DE54700DA145F /* main.m */ = {isa = PBXFileReference; lastKnownFileType = sourcecode.c.objc; path = main.m; sourceTree = "<group>"; };
		1F496205159DE54700DA145F /* Calculator-Prefix.pch */ = {isa = PBXFileReference; lastKnownFileType = sourcecode.c.h; path = "Calculator-Prefix.pch"; sourceTree = "<group>"; };
		1F496206159DE54700DA145F /* CalculatorAppDelegate.h */ = {isa = PBXFileReference; lastKnownFileType = sourcecode.c.h; path = CalculatorAppDelegate.h; sourceTree = "<group>"; };
		1F496207159DE54700DA145F /* CalculatorAppDelegate.m */ = {isa = PBXFileReference; lastKnownFileType = sourcecode.c.objc; path = CalculatorAppDelegate.m; sourceTree = "<group>"; };
		1F49620A159DE54700DA145F /* en */ = {isa = PBXFileReference; lastKnownFileType = file.storyboard; name = en; path = en.lproj/MainStoryboard.storyboard; sourceTree = "<group>"; };
		1F49620C159DE54700DA145F /* CalculatorViewController.h */ = {isa = PBXFileReference; lastKnownFileType = sourcecode.c.h; path = CalculatorViewController.h; sourceTree = "<group>"; };
		1F49620D159DE54700DA145F /* CalculatorViewController.m */ = {isa = PBXFileReference; lastKnownFileType = sourcecode.c.objc; path = CalculatorViewController.m; sourceTree = "<group>"; };
/* End PBXFileReference section */

/* Begin PBXFrameworksBuildPhase section */
		1F4961F0159DE54600DA145F /* Frameworks */ = {
			isa = PBXFrameworksBuildPhase;
			buildActionMask = 2147483647;
			files = (
				1F4961F8159DE54600DA145F /* UIKit.framework in Frameworks */,
				1F4961FA159DE54600DA145F /* Foundation.framework in Frameworks */,
				1F4961FC159DE54600DA145F /* CoreGraphics.framework in Frameworks */,
			);
			runOnlyForDeploymentPostprocessing = 0;
		};
/* End PBXFrameworksBuildPhase section */

/* Begin PBXGroup section */
		1F4961E8159DE54600DA145F = {
			isa = PBXGroup;
			children = (
				1F4961FD159DE54600DA145F /* Calculator */,
				1F4961F6159DE54600DA145F /* Frameworks */,
				1F4961F4159DE54600DA145F /* Products */,
			);
			sourceTree = "<group>";
		};
		1F4961F4159DE54600DA145F /* Products */ = {
			isa = PBXGroup;
			children = (
				1F4961F3159DE54600DA145F /* Calculator.app */,
			);
			name = Products;
			sourceTree = "<group>";
		};
		1F4961F6159DE54600DA145F /* Frameworks */ = {
			isa = PBXGroup;
			children = (
				1F4961F7159DE54600DA145F /* UIKit.framework */,
				1F4961F9159DE54600DA145F /* Foundation.framework */,
				1F4961FB159DE54600DA145F /* CoreGraphics.framework */,
			);
			name = Frameworks;
			sourceTree = "<group>";
		};
		1F4961FD159DE54600DA145F /* Calculator */ = {
			isa = PBXGroup;
			children = (
				1F496206159DE54700DA145F /* CalculatorAppDelegate.h */,
				1F496207159DE54700DA145F /* CalculatorAppDelegate.m */,
				1F496209159DE54700DA145F /* MainStoryboard.storyboard */,
				1F49620C159DE54700DA145F /* CalculatorViewController.h */,
				1F49620D159DE54700DA145F /* CalculatorViewController.m */,
				1F4961FE159DE54700DA145F /* Supporting Files */,
			);
			path = Calculator;
			sourceTree = "<group>";
		};
		1F4961FE159DE54700DA145F /* Supporting Files */ = {
			isa = PBXGroup;
			children = (
				1F4961FF159DE54700DA145F /* Calculator-Info.plist */,
				1F496200159DE54700DA145F /* InfoPlist.strings */,
				1F496203159DE54700DA145F /* main.m */,
				1F496205159DE54700DA145F /* Calculator-Prefix.pch */,
			);
			name = "Supporting Files";
			sourceTree = "<group>";
		};
/* End PBXGroup section */

/* Begin PBXNativeTarget section */
		1F4961F2159DE54600DA145F /* Calculator */ = {
			isa = PBXNativeTarget;
			buildConfigurationList = 1F496211159DE54700DA145F /* Build configuration list for PBXNativeTarget "Calculator" */;
			buildPhases = (
				1F4961EF159DE54600DA145F /* Sources */,
				1F4961F0159DE54600DA145F /* Frameworks */,
				1F4961F1159DE54600DA145F /* Resources */,
			);
			buildRules = (
			);
			dependencies = (
			);
			name = Calculator;
			productName = Calculator;
			productReference = 1F4961F3159DE54600DA145F /* Calculator.app */;
			productType = "com.apple.product-type.application";
		};
/* End PBXNativeTarget section */

/* Begin PBXProject section */
		1F4961EA159DE54600DA145F /* Project object */ = {
			isa = PBXProject;
			attributes = {
				LastUpgradeCheck = 0420;
			};
			buildConfigurationList = 1F4961ED159DE54600DA145F /* Build configuration list for PBXProject "Calculator" */;
			compatibilityVersion = "Xcode 3.2";
			developmentRegion = English;
			hasScannedForEncodings = 0;
			knownRegions = (
				en,
			);
			mainGroup = 1F4961E8159DE54600DA145F;
			productRefGroup = 1F4961F4159DE54600DA145F /* Products */;
			projectDirPath = "";
			projectRoot = "";
			targets = (
				1F4961F2159DE54600DA145F /* Calculator */,
			);
		};
/* End PBXProject section */

/* Begin PBXResourcesBuildPhase section */
		1F4961F1159DE54600DA145F /* Resources */ = {
			isa = PBXResourcesBuildPhase;
			buildActionMask = 2147483647;
			files = (
				1F496202159DE54700DA145F /* InfoPlist.strings in Resources */,
				1F49620B159DE54700DA145F /* MainStoryboard.storyboard in Resources */,
			);
			runOnlyForDeploymentPostprocessing = 0;
		};
/* End PBXResourcesBuildPhase section */

/* Begin PBXSourcesBuildPhase section */
		1F4961EF159DE54600DA145F /* Sources */ = {
			isa = PBXSourcesBuildPhase;
			buildActionMask = 2147483647;
			files = (
				1F496204159DE54700DA145F /* main.m in Sources */,
				1F496208159DE54700DA145F /* CalculatorAppDelegate.m in Sources */,
				1F49620E159DE54700DA145F /* CalculatorViewController.m in Sources */,
			);
			runOnlyForDeploymentPostprocessing = 0;
		};
/* End PBXSourcesBuildPhase section */

/* Begin PBXVariantGroup section */
		1F496200159DE54700DA145F /* InfoPlist.strings */ = {
			isa = PBXVariantGroup;
			children = (
				1F496201159DE54700DA145F /* en */,
			);
			name = InfoPlist.strings;
			sourceTree = "<group>";
		};
		1F496209159DE54700DA145F /* MainStoryboard.storyboard */ = {
			isa = PBXVariantGroup;
			children = (
				1F49620A159DE54700DA145F /* en */,
			);
			name = MainStoryboard.storyboard;
			sourceTree = "<group>";
		};
/* End PBXVariantGroup section */

/* Begin XCBuildConfiguration section */
		1F49620F159DE54700DA145F /* Debug */ = {
			isa = XCBuildConfiguration;
			buildSettings = {
				ALWAYS_SEARCH_USER_PATHS = NO;
				ARCHS = "$(ARCHS_STANDARD_32_BIT)";
				CLANG_ENABLE_OBJC_ARC = YES;
				"CODE_SIGN_IDENTITY[sdk=iphoneos*]" = "iPhone Developer";
				COPY_PHASE_STRIP = NO;
				GCC_C_LANGUAGE_STANDARD = gnu99;
				GCC_DYNAMIC_NO_PIC = NO;
				GCC_OPTIMIZATION_LEVEL = 0;
				GCC_PREPROCESSOR_DEFINITIONS = (
					"DEBUG=1",
					"$(inherited)",
				);
				GCC_SYMBOLS_PRIVATE_EXTERN = NO;
				GCC_VERSION = com.apple.compilers.llvm.clang.1_0;
				GCC_WARN_ABOUT_MISSING_PROTOTYPES = YES;
				GCC_WARN_ABOUT_RETURN_TYPE = YES;
				GCC_WARN_UNUSED_VARIABLE = YES;
				IPHONEOS_DEPLOYMENT_TARGET = 5.1;
				SDKROOT = iphoneos;
			};
			name = Debug;
		};
		1F496210159DE54700DA145F /* Release */ = {
			isa = XCBuildConfiguration;
			buildSettings = {
				ALWAYS_SEARCH_USER_PATHS = NO;
				ARCHS = "$(ARCHS_STANDARD_32_BIT)";
				CLANG_ENABLE_OBJC_ARC = YES;
				"CODE_SIGN_IDENTITY[sdk=iphoneos*]" = "iPhone Developer";
				COPY_PHASE_STRIP = YES;
				GCC_C_LANGUAGE_STANDARD = gnu99;
				GCC_VERSION = com.apple.compilers.llvm.clang.1_0;
				GCC_WARN_ABOUT_MISSING_PROTOTYPES = YES;
				GCC_WARN_ABOUT_RETURN_TYPE = YES;
				GCC_WARN_UNUSED_VARIABLE = YES;
				IPHONEOS_DEPLOYMENT_TARGET = 5.1;
				OTHER_CFLAGS = "-DNS_BLOCK_ASSERTIONS=1";
				SDKROOT = iphoneos;
				VALIDATE_PRODUCT = YES;
			};
			name = Release;
		};
		1F496212159DE54700DA145F /* Debug */ = {
			isa = XCBuildConfiguration;
			buildSettings = {
				GCC_PRECOMPILE_PREFIX_HEADER = YES;
				GCC_PREFIX_HEADER = "Calculator/Calculator-Prefix.pch";
				INFOPLIST_FILE = "Calculator/Calculator-Info.plist";
				PRODUCT_NAME = "$(TARGET_NAME)";
				WRAPPER_EXTENSION = app;
			};
			name = Debug;
		};
		1F496213159DE54700DA145F /* Release */ = {
			isa = XCBuildConfiguration;
			buildSettings = {
				GCC_PRECOMPILE_PREFIX_HEADER = YES;
				GCC_PREFIX_HEADER = "Calculator/Calculator-Prefix.pch";
				INFOPLIST_FILE = "Calculator/Calculator-Info.plist";
				PRODUCT_NAME = "$(TARGET_NAME)";
				WRAPPER_EXTENSION = app;
			};
			name = Release;
		};
/* End XCBuildConfiguration section */

/* Begin XCConfigurationList section */
		1F4961ED159DE54600DA145F /* Build configuration list for PBXProject "Calculator" */ = {
			isa = XCConfigurationList;
			buildConfigurations = (
				1F49620F159DE54700DA145F /* Debug */,
				1F496210159DE54700DA145F /* Release */,
			);
			defaultConfigurationIsVisible = 0;
			defaultConfigurationName = Release;
		};
		1F496211159DE54700DA145F /* Build configuration list for PBXNativeTarget "Calculator" */ = {
			isa = XCConfigurationList;
			buildConfigurations = (
				1F496212159DE54700DA145F /* Debug */,
				1F496213159DE54700DA145F /* Release */,
			);
			defaultConfigurationIsVisible = 0;
		};
/* End XCConfigurationList section */
	};
	rootObject = 1F4961EA159DE54600DA145F /* Project object */;
}
