// !$*UTF8*$!
{
	archiveVersion = 1;
	classes = {
	};
	objectVersion = 46;
	objects = {

/* Begin PBXBuildFile section */
		1F48160C159E0A0300CBFC08 /* CalculatorBrain.m in Sources */ = {isa = PBXBuildFile; fileRef = 1F48160B159E0A0300CBFC08 /* CalculatorBrain.m */; };
		1F4A6D3015A0786800789963 /* Default@2x.png in Resources */ = {isa = PBXBuildFile; fileRef = 1F4A6D2F15A0786800789963 /* Default@2x.png */; };
		1F4A6D3315A0786B00789963 /* Default.png in Resources */ = {isa = PBXBuildFile; fileRef = 1F4A6D3215A0786B00789963 /* Default.png */; };
		1F4A6D3515A0788300789963 /* icon 114x114.png in Resources */ = {isa = PBXBuildFile; fileRef = 1F4A6D3415A0788300789963 /* icon 114x114.png */; };
		1F4A6D3715A0788800789963 /* icon 57x57.png in Resources */ = {isa = PBXBuildFile; fileRef = 1F4A6D3615A0788800789963 /* icon 57x57.png */; };
		1FCE73E8159DE91D00B48497 /* UIKit.framework in Frameworks */ = {isa = PBXBuildFile; fileRef = 1FCE73E7159DE91D00B48497 /* UIKit.framework */; };
		1FCE73EA159DE91D00B48497 /* Foundation.framework in Frameworks */ = {isa = PBXBuildFile; fileRef = 1FCE73E9159DE91D00B48497 /* Foundation.framework */; };
		1FCE73EC159DE91D00B48497 /* CoreGraphics.framework in Frameworks */ = {isa = PBXBuildFile; fileRef = 1FCE73EB159DE91D00B48497 /* CoreGraphics.framework */; };
		1FCE73F2159DE91D00B48497 /* InfoPlist.strings in Resources */ = {isa = PBXBuildFile; fileRef = 1FCE73F0159DE91D00B48497 /* InfoPlist.strings */; };
		1FCE73F4159DE91D00B48497 /* main.m in Sources */ = {isa = PBXBuildFile; fileRef = 1FCE73F3159DE91D00B48497 /* main.m */; };
		1FCE73F8159DE91D00B48497 /* CalculatorAppDelegate.m in Sources */ = {isa = PBXBuildFile; fileRef = 1FCE73F7159DE91D00B48497 /* CalculatorAppDelegate.m */; };
		1FCE73FE159DE91D00B48497 /* CalculatorViewController.m in Sources */ = {isa = PBXBuildFile; fileRef = 1FCE73FD159DE91D00B48497 /* CalculatorViewController.m */; };
		1FF90F4615A089260020F358 /* MainStoryboard.storyboard in Resources */ = {isa = PBXBuildFile; fileRef = 1FCE73F9159DE91D00B48497 /* MainStoryboard.storyboard */; };
/* End PBXBuildFile section */

/* Begin PBXFileReference section */
		1F48160A159E0A0300CBFC08 /* CalculatorBrain.h */ = {isa = PBXFileReference; fileEncoding = 4; lastKnownFileType = sourcecode.c.h; path = CalculatorBrain.h; sourceTree = "<group>"; };
		1F48160B159E0A0300CBFC08 /* CalculatorBrain.m */ = {isa = PBXFileReference; fileEncoding = 4; lastKnownFileType = sourcecode.c.objc; path = CalculatorBrain.m; sourceTree = "<group>"; };
		1F4A6D2F15A0786800789963 /* Default@2x.png */ = {isa = PBXFileReference; lastKnownFileType = image.png; path = "Default@2x.png"; sourceTree = "<group>"; };
		1F4A6D3215A0786B00789963 /* Default.png */ = {isa = PBXFileReference; lastKnownFileType = image.png; path = Default.png; sourceTree = "<group>"; };
		1F4A6D3415A0788300789963 /* icon 114x114.png */ = {isa = PBXFileReference; lastKnownFileType = image.png; path = "icon 114x114.png"; sourceTree = "<group>"; };
		1F4A6D3615A0788800789963 /* icon 57x57.png */ = {isa = PBXFileReference; lastKnownFileType = image.png; path = "icon 57x57.png"; sourceTree = "<group>"; };
		1FCE73E3159DE91D00B48497 /* Calculator.app */ = {isa = PBXFileReference; explicitFileType = wrapper.application; includeInIndex = 0; path = Calculator.app; sourceTree = BUILT_PRODUCTS_DIR; };
		1FCE73E7159DE91D00B48497 /* UIKit.framework */ = {isa = PBXFileReference; lastKnownFileType = wrapper.framework; name = UIKit.framework; path = System/Library/Frameworks/UIKit.framework; sourceTree = SDKROOT; };
		1FCE73E9159DE91D00B48497 /* Foundation.framework */ = {isa = PBXFileReference; lastKnownFileType = wrapper.framework; name = Foundation.framework; path = System/Library/Frameworks/Foundation.framework; sourceTree = SDKROOT; };
		1FCE73EB159DE91D00B48497 /* CoreGraphics.framework */ = {isa = PBXFileReference; lastKnownFileType = wrapper.framework; name = CoreGraphics.framework; path = System/Library/Frameworks/CoreGraphics.framework; sourceTree = SDKROOT; };
		1FCE73EF159DE91D00B48497 /* Calculator-Info.plist */ = {isa = PBXFileReference; lastKnownFileType = text.plist.xml; path = "Calculator-Info.plist"; sourceTree = "<group>"; };
		1FCE73F1159DE91D00B48497 /* en */ = {isa = PBXFileReference; lastKnownFileType = text.plist.strings; name = en; path = en.lproj/InfoPlist.strings; sourceTree = "<group>"; };
		1FCE73F3159DE91D00B48497 /* main.m */ = {isa = PBXFileReference; lastKnownFileType = sourcecode.c.objc; path = main.m; sourceTree = "<group>"; };
		1FCE73F5159DE91D00B48497 /* Calculator-Prefix.pch */ = {isa = PBXFileReference; lastKnownFileType = sourcecode.c.h; path = "Calculator-Prefix.pch"; sourceTree = "<group>"; };
		1FCE73F6159DE91D00B48497 /* CalculatorAppDelegate.h */ = {isa = PBXFileReference; lastKnownFileType = sourcecode.c.h; path = CalculatorAppDelegate.h; sourceTree = "<group>"; };
		1FCE73F7159DE91D00B48497 /* CalculatorAppDelegate.m */ = {isa = PBXFileReference; lastKnownFileType = sourcecode.c.objc; path = CalculatorAppDelegate.m; sourceTree = "<group>"; };
		1FCE73FA159DE91D00B48497 /* en */ = {isa = PBXFileReference; lastKnownFileType = file.storyboard; name = en; path = en.lproj/MainStoryboard.storyboard; sourceTree = "<group>"; };
		1FCE73FC159DE91D00B48497 /* CalculatorViewController.h */ = {isa = PBXFileReference; lastKnownFileType = sourcecode.c.h; path = CalculatorViewController.h; sourceTree = "<group>"; };
		1FCE73FD159DE91D00B48497 /* CalculatorViewController.m */ = {isa = PBXFileReference; lastKnownFileType = sourcecode.c.objc; path = CalculatorViewController.m; sourceTree = "<group>"; };
/* End PBXFileReference section */

/* Begin PBXFrameworksBuildPhase section */
		1FCE73E0159DE91D00B48497 /* Frameworks */ = {
			isa = PBXFrameworksBuildPhase;
			buildActionMask = 2147483647;
			files = (
				1FCE73E8159DE91D00B48497 /* UIKit.framework in Frameworks */,
				1FCE73EA159DE91D00B48497 /* Foundation.framework in Frameworks */,
				1FCE73EC159DE91D00B48497 /* CoreGraphics.framework in Frameworks */,
			);
			runOnlyForDeploymentPostprocessing = 0;
		};
/* End PBXFrameworksBuildPhase section */

/* Begin PBXGroup section */
		1FCE73D8159DE91D00B48497 = {
			isa = PBXGroup;
			children = (
				1F4A6D3615A0788800789963 /* icon 57x57.png */,
				1F4A6D3415A0788300789963 /* icon 114x114.png */,
				1F4A6D3215A0786B00789963 /* Default.png */,
				1F4A6D2F15A0786800789963 /* Default@2x.png */,
				1FCE73ED159DE91D00B48497 /* Calculator */,
				1FCE73E6159DE91D00B48497 /* Frameworks */,
				1FCE73E4159DE91D00B48497 /* Products */,
			);
			sourceTree = "<group>";
		};
		1FCE73E4159DE91D00B48497 /* Products */ = {
			isa = PBXGroup;
			children = (
				1FCE73E3159DE91D00B48497 /* Calculator.app */,
			);
			name = Products;
			sourceTree = "<group>";
		};
		1FCE73E6159DE91D00B48497 /* Frameworks */ = {
			isa = PBXGroup;
			children = (
				1FCE73E7159DE91D00B48497 /* UIKit.framework */,
				1FCE73E9159DE91D00B48497 /* Foundation.framework */,
				1FCE73EB159DE91D00B48497 /* CoreGraphics.framework */,
			);
			name = Frameworks;
			sourceTree = "<group>";
		};
		1FCE73ED159DE91D00B48497 /* Calculator */ = {
			isa = PBXGroup;
			children = (
				1FCE73F6159DE91D00B48497 /* CalculatorAppDelegate.h */,
				1FCE73F7159DE91D00B48497 /* CalculatorAppDelegate.m */,
				1FCE73F9159DE91D00B48497 /* MainStoryboard.storyboard */,
				1FCE73FC159DE91D00B48497 /* CalculatorViewController.h */,
				1FCE73FD159DE91D00B48497 /* CalculatorViewController.m */,
				1FCE73EE159DE91D00B48497 /* Supporting Files */,
				1F48160A159E0A0300CBFC08 /* CalculatorBrain.h */,
				1F48160B159E0A0300CBFC08 /* CalculatorBrain.m */,
			);
			path = Calculator;
			sourceTree = "<group>";
		};
		1FCE73EE159DE91D00B48497 /* Supporting Files */ = {
			isa = PBXGroup;
			children = (
				1FCE73EF159DE91D00B48497 /* Calculator-Info.plist */,
				1FCE73F0159DE91D00B48497 /* InfoPlist.strings */,
				1FCE73F3159DE91D00B48497 /* main.m */,
				1FCE73F5159DE91D00B48497 /* Calculator-Prefix.pch */,
			);
			name = "Supporting Files";
			sourceTree = "<group>";
		};
/* End PBXGroup section */

/* Begin PBXNativeTarget section */
		1FCE73E2159DE91D00B48497 /* Calculator */ = {
			isa = PBXNativeTarget;
			buildConfigurationList = 1FCE7401159DE91D00B48497 /* Build configuration list for PBXNativeTarget "Calculator" */;
			buildPhases = (
				1FCE73DF159DE91D00B48497 /* Sources */,
				1FCE73E0159DE91D00B48497 /* Frameworks */,
				1FCE73E1159DE91D00B48497 /* Resources */,
			);
			buildRules = (
			);
			dependencies = (
			);
			name = Calculator;
			productName = Calculator;
			productReference = 1FCE73E3159DE91D00B48497 /* Calculator.app */;
			productType = "com.apple.product-type.application";
		};
/* End PBXNativeTarget section */

/* Begin PBXProject section */
		1FCE73DA159DE91D00B48497 /* Project object */ = {
			isa = PBXProject;
			attributes = {
				LastUpgradeCheck = 0420;
			};
			buildConfigurationList = 1FCE73DD159DE91D00B48497 /* Build configuration list for PBXProject "Calculator" */;
			compatibilityVersion = "Xcode 3.2";
			developmentRegion = English;
			hasScannedForEncodings = 0;
			knownRegions = (
				en,
			);
			mainGroup = 1FCE73D8159DE91D00B48497;
			productRefGroup = 1FCE73E4159DE91D00B48497 /* Products */;
			projectDirPath = "";
			projectRoot = "";
			targets = (
				1FCE73E2159DE91D00B48497 /* Calculator */,
			);
		};
/* End PBXProject section */

/* Begin PBXResourcesBuildPhase section */
		1FCE73E1159DE91D00B48497 /* Resources */ = {
			isa = PBXResourcesBuildPhase;
			buildActionMask = 2147483647;
			files = (
				1FCE73F2159DE91D00B48497 /* InfoPlist.strings in Resources */,
				1F4A6D3015A0786800789963 /* Default@2x.png in Resources */,
				1F4A6D3315A0786B00789963 /* Default.png in Resources */,
				1F4A6D3515A0788300789963 /* icon 114x114.png in Resources */,
				1F4A6D3715A0788800789963 /* icon 57x57.png in Resources */,
				1FF90F4615A089260020F358 /* MainStoryboard.storyboard in Resources */,
			);
			runOnlyForDeploymentPostprocessing = 0;
		};
/* End PBXResourcesBuildPhase section */

/* Begin PBXSourcesBuildPhase section */
		1FCE73DF159DE91D00B48497 /* Sources */ = {
			isa = PBXSourcesBuildPhase;
			buildActionMask = 2147483647;
			files = (
				1FCE73F4159DE91D00B48497 /* main.m in Sources */,
				1FCE73F8159DE91D00B48497 /* CalculatorAppDelegate.m in Sources */,
				1FCE73FE159DE91D00B48497 /* CalculatorViewController.m in Sources */,
				1F48160C159E0A0300CBFC08 /* CalculatorBrain.m in Sources */,
			);
			runOnlyForDeploymentPostprocessing = 0;
		};
/* End PBXSourcesBuildPhase section */

/* Begin PBXVariantGroup section */
		1FCE73F0159DE91D00B48497 /* InfoPlist.strings */ = {
			isa = PBXVariantGroup;
			children = (
				1FCE73F1159DE91D00B48497 /* en */,
			);
			name = InfoPlist.strings;
			sourceTree = "<group>";
		};
		1FCE73F9159DE91D00B48497 /* MainStoryboard.storyboard */ = {
			isa = PBXVariantGroup;
			children = (
				1FCE73FA159DE91D00B48497 /* en */,
			);
			name = MainStoryboard.storyboard;
			sourceTree = "<group>";
		};
/* End PBXVariantGroup section */

/* Begin XCBuildConfiguration section */
		1FCE73FF159DE91D00B48497 /* Debug */ = {
			isa = XCBuildConfiguration;
			buildSettings = {
				ALWAYS_SEARCH_USER_PATHS = NO;
				ARCHS = "$(ARCHS_STANDARD_32_BIT)";
				CLANG_ENABLE_OBJC_ARC = YES;
				CODE_SIGN_IDENTITY = "iPhone Developer: Marcel Verhagen (2999869C2J)";
				"CODE_SIGN_IDENTITY[sdk=iphoneos*]" = "iPhone Developer: Marcel Verhagen (2999869C2J)";
				COPY_PHASE_STRIP = NO;
				GCC_C_LANGUAGE_STANDARD = gnu99;
				GCC_DYNAMIC_NO_PIC = NO;
				GCC_OPTIMIZATION_LEVEL = 0;
				GCC_PREPROCESSOR_DEFINITIONS = (
					"DEBUG=1",
					"$(inherited)",
				);
				GCC_SYMBOLS_PRIVATE_EXTERN = NO;
				GCC_VERSION = com.apple.compilers.llvm.clang.1_0;
				GCC_WARN_ABOUT_MISSING_PROTOTYPES = YES;
				GCC_WARN_ABOUT_RETURN_TYPE = YES;
				GCC_WARN_UNUSED_VARIABLE = YES;
				IPHONEOS_DEPLOYMENT_TARGET = 5.1;
				PROVISIONING_PROFILE = "FB06EDD3-F8BD-4C32-8690-6EE0BEEC7926";
				"PROVISIONING_PROFILE[sdk=iphoneos*]" = "FB06EDD3-F8BD-4C32-8690-6EE0BEEC7926";
				SDKROOT = iphoneos;
			};
			name = Debug;
		};
		1FCE7400159DE91D00B48497 /* Release */ = {
			isa = XCBuildConfiguration;
			buildSettings = {
				ALWAYS_SEARCH_USER_PATHS = NO;
				ARCHS = "$(ARCHS_STANDARD_32_BIT)";
				CLANG_ENABLE_OBJC_ARC = YES;
				CODE_SIGN_IDENTITY = "iPhone Developer: Marcel Verhagen (2999869C2J)";
				"CODE_SIGN_IDENTITY[sdk=iphoneos*]" = "iPhone Developer: Marcel Verhagen (2999869C2J)";
				COPY_PHASE_STRIP = YES;
				GCC_C_LANGUAGE_STANDARD = gnu99;
				GCC_VERSION = com.apple.compilers.llvm.clang.1_0;
				GCC_WARN_ABOUT_MISSING_PROTOTYPES = YES;
				GCC_WARN_ABOUT_RETURN_TYPE = YES;
				GCC_WARN_UNUSED_VARIABLE = YES;
				IPHONEOS_DEPLOYMENT_TARGET = 5.1;
				OTHER_CFLAGS = "-DNS_BLOCK_ASSERTIONS=1";
				PROVISIONING_PROFILE = "FB06EDD3-F8BD-4C32-8690-6EE0BEEC7926";
				"PROVISIONING_PROFILE[sdk=iphoneos*]" = "FB06EDD3-F8BD-4C32-8690-6EE0BEEC7926";
				SDKROOT = iphoneos;
				VALIDATE_PRODUCT = YES;
			};
			name = Release;
		};
		1FCE7402159DE91D00B48497 /* Debug */ = {
			isa = XCBuildConfiguration;
			buildSettings = {
				CODE_SIGN_IDENTITY = "iPhone Developer";
				"CODE_SIGN_IDENTITY[sdk=iphoneos*]" = "iPhone Developer: Marcel Verhagen (2999869C2J)";
				GCC_PRECOMPILE_PREFIX_HEADER = YES;
				GCC_PREFIX_HEADER = "Calculator/Calculator-Prefix.pch";
				INFOPLIST_FILE = "Calculator/Calculator-Info.plist";
				PRODUCT_NAME = "$(TARGET_NAME)";
				PROVISIONING_PROFILE = "";
				"PROVISIONING_PROFILE[sdk=iphoneos*]" = "";
				WRAPPER_EXTENSION = app;
			};
			name = Debug;
		};
		1FCE7403159DE91D00B48497 /* Release */ = {
			isa = XCBuildConfiguration;
			buildSettings = {
				CODE_SIGN_IDENTITY = "iPhone Developer";
				"CODE_SIGN_IDENTITY[sdk=iphoneos*]" = "iPhone Developer: Marcel Verhagen (2999869C2J)";
				GCC_PRECOMPILE_PREFIX_HEADER = YES;
				GCC_PREFIX_HEADER = "Calculator/Calculator-Prefix.pch";
				INFOPLIST_FILE = "Calculator/Calculator-Info.plist";
				PRODUCT_NAME = "$(TARGET_NAME)";
				PROVISIONING_PROFILE = "";
				"PROVISIONING_PROFILE[sdk=iphoneos*]" = "";
				WRAPPER_EXTENSION = app;
			};
			name = Release;
		};
/* End XCBuildConfiguration section */

/* Begin XCConfigurationList section */
		1FCE73DD159DE91D00B48497 /* Build configuration list for PBXProject "Calculator" */ = {
			isa = XCConfigurationList;
			buildConfigurations = (
				1FCE73FF159DE91D00B48497 /* Debug */,
				1FCE7400159DE91D00B48497 /* Release */,
			);
			defaultConfigurationIsVisible = 0;
			defaultConfigurationName = Release;
		};
		1FCE7401159DE91D00B48497 /* Build configuration list for PBXNativeTarget "Calculator" */ = {
			isa = XCConfigurationList;
			buildConfigurations = (
				1FCE7402159DE91D00B48497 /* Debug */,
				1FCE7403159DE91D00B48497 /* Release */,
			);
			defaultConfigurationIsVisible = 0;
			defaultConfigurationName = Release;
		};
/* End XCConfigurationList section */
	};
	rootObject = 1FCE73DA159DE91D00B48497 /* Project object */;
}
